
Microsoft Visual Studio Solution File, Format Version 12.00
# Visual Studio Version 17
VisualStudioVersion = 17.6.33712.159
MinimumVisualStudioVersion = 10.0.40219.1
Project("{2150E333-8FDC-42A3-9474-1A3956D46DE8}") = "Services", "Services", "{E1305485-89CB-42E7-8A46-2362EBA827CD}"
EndProject
Project("{2150E333-8FDC-42A3-9474-1A3956D46DE8}") = "ApiGateways", "ApiGateways", "{1CA96B60-B2BE-43CB-B055-6DDE92E06216}"
EndProject
Project("{2150E333-8FDC-42A3-9474-1A3956D46DE8}") = "BasketCards", "BasketCards", "{15A8AC75-B75A-45CB-A738-EC47E558B6E6}"
EndProject
Project("{2150E333-8FDC-42A3-9474-1A3956D46DE8}") = "CardBoard", "CardBoard", "{CEC3F72A-521B-41FB-9922-4BA39F7DD7BD}"
EndProject
Project("{9A19103F-16F7-4668-BE54-9A1E7A4F7556}") = "CardBoard.API", "Services\CardBoard\CardBoard.API\CardBoard.API.csproj", "{A0EE7CCA-18B2-4562-AE6B-5D2D8928ADCE}"
EndProject
Project("{9A19103F-16F7-4668-BE54-9A1E7A4F7556}") = "CardBoard.BLL", "Services\CardBoard\CardBoard.BLL\CardBoard.BLL.csproj", "{6375FDC7-F9A2-417A-B97C-32EF2A94C07D}"
EndProject
Project("{9A19103F-16F7-4668-BE54-9A1E7A4F7556}") = "CardBoard.DAL", "Services\CardBoard\CardBoard.DAL\CardBoard.DAL.csproj", "{C03947DD-7CC3-4E0A-8BA9-6719F6281289}"
EndProject
Project("{E53339B2-1760-4266-BCC7-CA923CBCF16C}") = "docker-compose", "docker-compose.dcproj", "{23DCE7A9-1BC3-4287-B27B-3950850A02DC}"
EndProject
Project("{2150E333-8FDC-42A3-9474-1A3956D46DE8}") = "Discount", "Discount", "{F07E12C4-E7BF-4556-B498-03654EF730AD}"
EndProject
Project("{9A19103F-16F7-4668-BE54-9A1E7A4F7556}") = "Discount.API", "Services\Discount\Discount.API\Discount.API.csproj", "{1D17B252-237F-42B2-8028-D8DB4BC61375}"
EndProject
Project("{9A19103F-16F7-4668-BE54-9A1E7A4F7556}") = "OcelotAPIGateway", "ApiGateways\OcelotAPIGateway\OcelotAPIGateway.csproj", "{FC6732D4-ED99-46C8-BA2E-C5275E4A9286}"
EndProject
Project("{2150E333-8FDC-42A3-9474-1A3956D46DE8}") = "Order", "Order", "{233F22E4-F28A-4B6A-A721-9FB11DC393FE}"
EndProject
Project("{2150E333-8FDC-42A3-9474-1A3956D46DE8}") = "Catalog", "Catalog", "{665972D3-0CE5-45E5-9F67-4040112F3208}"
EndProject
Project("{9A19103F-16F7-4668-BE54-9A1E7A4F7556}") = "Catalog.API", "Services\Catalog\Catalog.API\Catalog.API.csproj", "{898A337A-C85F-4B7C-A0C1-F69691956EE0}"
EndProject
Project("{2150E333-8FDC-42A3-9474-1A3956D46DE8}") = "BasketProducts", "BasketProducts", "{913980D3-D191-42C1-9C72-D9E1CC378569}"
EndProject
Project("{9A19103F-16F7-4668-BE54-9A1E7A4F7556}") = "BasketCards.API", "Services\BasketCards\Basket.API\BasketCards.API.csproj", "{2659D607-B928-4675-8BEF-154605A16FB0}"
EndProject
Project("{9A19103F-16F7-4668-BE54-9A1E7A4F7556}") = "BasketProducts.API", "Services\BasketProducts\BasketProducts.API\BasketProducts.API.csproj", "{91A7BD65-D7DF-4C7F-8B16-45B08103F777}"
EndProject
Project("{9A19103F-16F7-4668-BE54-9A1E7A4F7556}") = "Ordering.Application", "Services\Order\Ordering.Application\Ordering.Application.csproj", "{B33F369C-167B-49B9-8D0F-605EAA504FCD}"
EndProject
Project("{9A19103F-16F7-4668-BE54-9A1E7A4F7556}") = "Ordering.Domain", "Services\Order\Ordering.Domain\Ordering.Domain.csproj", "{9B07C10D-D73F-4892-99B1-95E95D89EBE5}"
EndProject
Project("{9A19103F-16F7-4668-BE54-9A1E7A4F7556}") = "Ordering.Infrastructure", "Services\Order\Ordering.Infrastructure\Ordering.Infrastructure.csproj", "{CB712105-4096-423E-AC04-F7C9B6202800}"
EndProject
Global
	GlobalSection(SolutionConfigurationPlatforms) = preSolution
		Debug|Any CPU = Debug|Any CPU
		Release|Any CPU = Release|Any CPU
	EndGlobalSection
	GlobalSection(ProjectConfigurationPlatforms) = postSolution
		{A0EE7CCA-18B2-4562-AE6B-5D2D8928ADCE}.Debug|Any CPU.ActiveCfg = Debug|Any CPU
		{A0EE7CCA-18B2-4562-AE6B-5D2D8928ADCE}.Debug|Any CPU.Build.0 = Debug|Any CPU
		{A0EE7CCA-18B2-4562-AE6B-5D2D8928ADCE}.Release|Any CPU.ActiveCfg = Release|Any CPU
		{A0EE7CCA-18B2-4562-AE6B-5D2D8928ADCE}.Release|Any CPU.Build.0 = Release|Any CPU
		{6375FDC7-F9A2-417A-B97C-32EF2A94C07D}.Debug|Any CPU.ActiveCfg = Debug|Any CPU
		{6375FDC7-F9A2-417A-B97C-32EF2A94C07D}.Debug|Any CPU.Build.0 = Debug|Any CPU
		{6375FDC7-F9A2-417A-B97C-32EF2A94C07D}.Release|Any CPU.ActiveCfg = Release|Any CPU
		{6375FDC7-F9A2-417A-B97C-32EF2A94C07D}.Release|Any CPU.Build.0 = Release|Any CPU
		{C03947DD-7CC3-4E0A-8BA9-6719F6281289}.Debug|Any CPU.ActiveCfg = Debug|Any CPU
		{C03947DD-7CC3-4E0A-8BA9-6719F6281289}.Debug|Any CPU.Build.0 = Debug|Any CPU
		{C03947DD-7CC3-4E0A-8BA9-6719F6281289}.Release|Any CPU.ActiveCfg = Release|Any CPU
		{C03947DD-7CC3-4E0A-8BA9-6719F6281289}.Release|Any CPU.Build.0 = Release|Any CPU
		{23DCE7A9-1BC3-4287-B27B-3950850A02DC}.Debug|Any CPU.ActiveCfg = Debug|Any CPU
		{23DCE7A9-1BC3-4287-B27B-3950850A02DC}.Debug|Any CPU.Build.0 = Debug|Any CPU
		{23DCE7A9-1BC3-4287-B27B-3950850A02DC}.Release|Any CPU.ActiveCfg = Release|Any CPU
		{23DCE7A9-1BC3-4287-B27B-3950850A02DC}.Release|Any CPU.Build.0 = Release|Any CPU
		{1D17B252-237F-42B2-8028-D8DB4BC61375}.Debug|Any CPU.ActiveCfg = Debug|Any CPU
		{1D17B252-237F-42B2-8028-D8DB4BC61375}.Debug|Any CPU.Build.0 = Debug|Any CPU
		{1D17B252-237F-42B2-8028-D8DB4BC61375}.Release|Any CPU.ActiveCfg = Release|Any CPU
		{1D17B252-237F-42B2-8028-D8DB4BC61375}.Release|Any CPU.Build.0 = Release|Any CPU
		{FC6732D4-ED99-46C8-BA2E-C5275E4A9286}.Debug|Any CPU.ActiveCfg = Debug|Any CPU
		{FC6732D4-ED99-46C8-BA2E-C5275E4A9286}.Debug|Any CPU.Build.0 = Debug|Any CPU
		{FC6732D4-ED99-46C8-BA2E-C5275E4A9286}.Release|Any CPU.ActiveCfg = Release|Any CPU
		{FC6732D4-ED99-46C8-BA2E-C5275E4A9286}.Release|Any CPU.Build.0 = Release|Any CPU
		{898A337A-C85F-4B7C-A0C1-F69691956EE0}.Debug|Any CPU.ActiveCfg = Debug|Any CPU
		{898A337A-C85F-4B7C-A0C1-F69691956EE0}.Debug|Any CPU.Build.0 = Debug|Any CPU
		{898A337A-C85F-4B7C-A0C1-F69691956EE0}.Release|Any CPU.ActiveCfg = Release|Any CPU
		{898A337A-C85F-4B7C-A0C1-F69691956EE0}.Release|Any CPU.Build.0 = Release|Any CPU
		{2659D607-B928-4675-8BEF-154605A16FB0}.Debug|Any CPU.ActiveCfg = Debug|Any CPU
		{2659D607-B928-4675-8BEF-154605A16FB0}.Debug|Any CPU.Build.0 = Debug|Any CPU
		{2659D607-B928-4675-8BEF-154605A16FB0}.Release|Any CPU.ActiveCfg = Release|Any CPU
		{2659D607-B928-4675-8BEF-154605A16FB0}.Release|Any CPU.Build.0 = Release|Any CPU
		{91A7BD65-D7DF-4C7F-8B16-45B08103F777}.Debug|Any CPU.ActiveCfg = Debug|Any CPU
		{91A7BD65-D7DF-4C7F-8B16-45B08103F777}.Debug|Any CPU.Build.0 = Debug|Any CPU
		{91A7BD65-D7DF-4C7F-8B16-45B08103F777}.Release|Any CPU.ActiveCfg = Release|Any CPU
		{91A7BD65-D7DF-4C7F-8B16-45B08103F777}.Release|Any CPU.Build.0 = Release|Any CPU
		{B33F369C-167B-49B9-8D0F-605EAA504FCD}.Debug|Any CPU.ActiveCfg = Debug|Any CPU
		{B33F369C-167B-49B9-8D0F-605EAA504FCD}.Debug|Any CPU.Build.0 = Debug|Any CPU
		{B33F369C-167B-49B9-8D0F-605EAA504FCD}.Release|Any CPU.ActiveCfg = Release|Any CPU
		{B33F369C-167B-49B9-8D0F-605EAA504FCD}.Release|Any CPU.Build.0 = Release|Any CPU
		{9B07C10D-D73F-4892-99B1-95E95D89EBE5}.Debug|Any CPU.ActiveCfg = Debug|Any CPU
		{9B07C10D-D73F-4892-99B1-95E95D89EBE5}.Debug|Any CPU.Build.0 = Debug|Any CPU
		{9B07C10D-D73F-4892-99B1-95E95D89EBE5}.Release|Any CPU.ActiveCfg = Release|Any CPU
		{9B07C10D-D73F-4892-99B1-95E95D89EBE5}.Release|Any CPU.Build.0 = Release|Any CPU
		{CB712105-4096-423E-AC04-F7C9B6202800}.Debug|Any CPU.ActiveCfg = Debug|Any CPU
		{CB712105-4096-423E-AC04-F7C9B6202800}.Debug|Any CPU.Build.0 = Debug|Any CPU
		{CB712105-4096-423E-AC04-F7C9B6202800}.Release|Any CPU.ActiveCfg = Release|Any CPU
		{CB712105-4096-423E-AC04-F7C9B6202800}.Release|Any CPU.Build.0 = Release|Any CPU
	EndGlobalSection
	GlobalSection(SolutionProperties) = preSolution
		HideSolutionNode = FALSE
	EndGlobalSection
	GlobalSection(NestedProjects) = preSolution
		{15A8AC75-B75A-45CB-A738-EC47E558B6E6} = {E1305485-89CB-42E7-8A46-2362EBA827CD}
		{CEC3F72A-521B-41FB-9922-4BA39F7DD7BD} = {E1305485-89CB-42E7-8A46-2362EBA827CD}
		{A0EE7CCA-18B2-4562-AE6B-5D2D8928ADCE} = {CEC3F72A-521B-41FB-9922-4BA39F7DD7BD}
		{6375FDC7-F9A2-417A-B97C-32EF2A94C07D} = {CEC3F72A-521B-41FB-9922-4BA39F7DD7BD}
		{C03947DD-7CC3-4E0A-8BA9-6719F6281289} = {CEC3F72A-521B-41FB-9922-4BA39F7DD7BD}
		{F07E12C4-E7BF-4556-B498-03654EF730AD} = {E1305485-89CB-42E7-8A46-2362EBA827CD}
		{1D17B252-237F-42B2-8028-D8DB4BC61375} = {F07E12C4-E7BF-4556-B498-03654EF730AD}
		{FC6732D4-ED99-46C8-BA2E-C5275E4A9286} = {1CA96B60-B2BE-43CB-B055-6DDE92E06216}
		{233F22E4-F28A-4B6A-A721-9FB11DC393FE} = {E1305485-89CB-42E7-8A46-2362EBA827CD}
		{665972D3-0CE5-45E5-9F67-4040112F3208} = {E1305485-89CB-42E7-8A46-2362EBA827CD}
		{898A337A-C85F-4B7C-A0C1-F69691956EE0} = {665972D3-0CE5-45E5-9F67-4040112F3208}
		{913980D3-D191-42C1-9C72-D9E1CC378569} = {E1305485-89CB-42E7-8A46-2362EBA827CD}
		{2659D607-B928-4675-8BEF-154605A16FB0} = {15A8AC75-B75A-45CB-A738-EC47E558B6E6}
		{91A7BD65-D7DF-4C7F-8B16-45B08103F777} = {913980D3-D191-42C1-9C72-D9E1CC378569}
		{B33F369C-167B-49B9-8D0F-605EAA504FCD} = {233F22E4-F28A-4B6A-A721-9FB11DC393FE}
		{9B07C10D-D73F-4892-99B1-95E95D89EBE5} = {233F22E4-F28A-4B6A-A721-9FB11DC393FE}
		{CB712105-4096-423E-AC04-F7C9B6202800} = {233F22E4-F28A-4B6A-A721-9FB11DC393FE}
	EndGlobalSection
	GlobalSection(ExtensibilityGlobals) = postSolution
		SolutionGuid = {108726D2-A2AE-400B-B28D-16A128739FB4}
	EndGlobalSection
EndGlobal
